
Microsoft Visual Studio Solution File, Format Version 12.00
# Visual Studio Version 17
VisualStudioVersion = 17.5.33414.496
MinimumVisualStudioVersion = 10.0.40219.1
Project("{2150E333-8FDC-42A3-9474-1A3956D46DE8}") = "Core", "Core", "{4770DD42-A1C2-4B90-BC8D-EC117B60F940}"
EndProject
Project("{2150E333-8FDC-42A3-9474-1A3956D46DE8}") = "Presentation", "Presentation", "{F4086167-D967-424C-8A15-64B39D3DA264}"
EndProject
Project("{2150E333-8FDC-42A3-9474-1A3956D46DE8}") = "Infrastructure", "Infrastructure", "{F8EF50ED-816C-4113-A468-D96355ADC39E}"
EndProject
Project("{9A19103F-16F7-4668-BE54-9A1E7A4F7556}") = "Hepsi.Api.Application", "Core\Hepsi.Api.Application\Hepsi.Api.Application.csproj", "{911EB805-9F2E-4F4C-B80A-8E17D472BA31}"
EndProject
Project("{9A19103F-16F7-4668-BE54-9A1E7A4F7556}") = "Hepsi.Api.Domain", "Core\Hepsi.Api.Domain\Hepsi.Api.Domain.csproj", "{86969CE0-5AC2-4345-9761-26256D54F491}"
EndProject
Project("{9A19103F-16F7-4668-BE54-9A1E7A4F7556}") = "Hepsi.Api.Infrastructure", "Infrastructure\Hepsi.Api.Infrastructure\Hepsi.Api.Infrastructure.csproj", "{352EB33C-8628-43EC-A4E5-3D73CB050765}"
EndProject
Project("{9A19103F-16F7-4668-BE54-9A1E7A4F7556}") = "Persistence", "Infrastructure\Persistence\Persistence.csproj", "{D95FECB1-18D6-4130-A908-EE4F7603BCD1}"
EndProject
Project("{9A19103F-16F7-4668-BE54-9A1E7A4F7556}") = "Hepsi.Api", "Presentation\Hepsi.Api\Hepsi.Api.csproj", "{AB6FFE3D-CF69-4CFF-AF5F-668ADD2A0916}"
EndProject
Project("{FAE04EC0-301F-11D3-BF4B-00C04F79EFBC}") = "Hepsi.Mapper", "Core\Hepsi.Mapper\Hepsi.Mapper.csproj", "{2D971E0C-A0CA-4996-AD22-824714E608A0}"
EndProject
Global
	GlobalSection(SolutionConfigurationPlatforms) = preSolution
		Debug|Any CPU = Debug|Any CPU
		Release|Any CPU = Release|Any CPU
	EndGlobalSection
	GlobalSection(ProjectConfigurationPlatforms) = postSolution
		{911EB805-9F2E-4F4C-B80A-8E17D472BA31}.Debug|Any CPU.ActiveCfg = Debug|Any CPU
		{911EB805-9F2E-4F4C-B80A-8E17D472BA31}.Debug|Any CPU.Build.0 = Debug|Any CPU
		{911EB805-9F2E-4F4C-B80A-8E17D472BA31}.Release|Any CPU.ActiveCfg = Release|Any CPU
		{911EB805-9F2E-4F4C-B80A-8E17D472BA31}.Release|Any CPU.Build.0 = Release|Any CPU
		{86969CE0-5AC2-4345-9761-26256D54F491}.Debug|Any CPU.ActiveCfg = Debug|Any CPU
		{86969CE0-5AC2-4345-9761-26256D54F491}.Debug|Any CPU.Build.0 = Debug|Any CPU
		{86969CE0-5AC2-4345-9761-26256D54F491}.Release|Any CPU.ActiveCfg = Release|Any CPU
		{86969CE0-5AC2-4345-9761-26256D54F491}.Release|Any CPU.Build.0 = Release|Any CPU
		{352EB33C-8628-43EC-A4E5-3D73CB050765}.Debug|Any CPU.ActiveCfg = Debug|Any CPU
		{352EB33C-8628-43EC-A4E5-3D73CB050765}.Debug|Any CPU.Build.0 = Debug|Any CPU
		{352EB33C-8628-43EC-A4E5-3D73CB050765}.Release|Any CPU.ActiveCfg = Release|Any CPU
		{352EB33C-8628-43EC-A4E5-3D73CB050765}.Release|Any CPU.Build.0 = Release|Any CPU
		{D95FECB1-18D6-4130-A908-EE4F7603BCD1}.Debug|Any CPU.ActiveCfg = Debug|Any CPU
		{D95FECB1-18D6-4130-A908-EE4F7603BCD1}.Debug|Any CPU.Build.0 = Debug|Any CPU
		{D95FECB1-18D6-4130-A908-EE4F7603BCD1}.Release|Any CPU.ActiveCfg = Release|Any CPU
		{D95FECB1-18D6-4130-A908-EE4F7603BCD1}.Release|Any CPU.Build.0 = Release|Any CPU
		{AB6FFE3D-CF69-4CFF-AF5F-668ADD2A0916}.Debug|Any CPU.ActiveCfg = Debug|Any CPU
		{AB6FFE3D-CF69-4CFF-AF5F-668ADD2A0916}.Debug|Any CPU.Build.0 = Debug|Any CPU
		{AB6FFE3D-CF69-4CFF-AF5F-668ADD2A0916}.Release|Any CPU.ActiveCfg = Release|Any CPU
		{AB6FFE3D-CF69-4CFF-AF5F-668ADD2A0916}.Release|Any CPU.Build.0 = Release|Any CPU
		{2D971E0C-A0CA-4996-AD22-824714E608A0}.Debug|Any CPU.ActiveCfg = Debug|Any CPU
		{2D971E0C-A0CA-4996-AD22-824714E608A0}.Debug|Any CPU.Build.0 = Debug|Any CPU
		{2D971E0C-A0CA-4996-AD22-824714E608A0}.Release|Any CPU.ActiveCfg = Release|Any CPU
		{2D971E0C-A0CA-4996-AD22-824714E608A0}.Release|Any CPU.Build.0 = Release|Any CPU
	EndGlobalSection
	GlobalSection(SolutionProperties) = preSolution
		HideSolutionNode = FALSE
	EndGlobalSection
	GlobalSection(NestedProjects) = preSolution
		{911EB805-9F2E-4F4C-B80A-8E17D472BA31} = {4770DD42-A1C2-4B90-BC8D-EC117B60F940}
		{86969CE0-5AC2-4345-9761-26256D54F491} = {4770DD42-A1C2-4B90-BC8D-EC117B60F940}
		{352EB33C-8628-43EC-A4E5-3D73CB050765} = {F8EF50ED-816C-4113-A468-D96355ADC39E}
		{D95FECB1-18D6-4130-A908-EE4F7603BCD1} = {F8EF50ED-816C-4113-A468-D96355ADC39E}
		{AB6FFE3D-CF69-4CFF-AF5F-668ADD2A0916} = {F4086167-D967-424C-8A15-64B39D3DA264}
		{2D971E0C-A0CA-4996-AD22-824714E608A0} = {4770DD42-A1C2-4B90-BC8D-EC117B60F940}
	EndGlobalSection
	GlobalSection(ExtensibilityGlobals) = postSolution
		SolutionGuid = {35371543-4238-49A5-A967-4EE388CB15EE}
	EndGlobalSection
EndGlobal
